
Microsoft Visual Studio Solution File, Format Version 12.00
# Visual Studio 15
VisualStudioVersion = 15.0.26430.6
MinimumVisualStudioVersion = 10.0.40219.1
Project("{FAE04EC0-301F-11D3-BF4B-00C04F79EFBC}") = "BotGine", "BotGine\BotGine.csproj", "{2AF39BF4-91A1-4F23-9553-97A6E1D78AAA}"
EndProject
Global
	GlobalSection(SolutionConfigurationPlatforms) = preSolution
		Debug|Any CPU = Debug|Any CPU
		Release|Any CPU = Release|Any CPU
	EndGlobalSection
	GlobalSection(ProjectConfigurationPlatforms) = postSolution
		{2AF39BF4-91A1-4F23-9553-97A6E1D78AAA}.Debug|Any CPU.ActiveCfg = Debug|Any CPU
		{2AF39BF4-91A1-4F23-9553-97A6E1D78AAA}.Debug|Any CPU.Build.0 = Debug|Any CPU
		{2AF39BF4-91A1-4F23-9553-97A6E1D78AAA}.Release|Any CPU.ActiveCfg = Release|Any CPU
		{2AF39BF4-91A1-4F23-9553-97A6E1D78AAA}.Release|Any CPU.Build.0 = Release|Any CPU
	EndGlobalSection
	GlobalSection(SolutionProperties) = preSolution
		HideSolutionNode = FALSE
	EndGlobalSection
EndGlobal
